{
  "version": 2,
  "dependencies": {
    "net9.0": {
      "CommunityToolkit.Diagnostics": {
        "type": "Direct",
        "requested": "[8.4.0, )",
        "resolved": "8.4.0",
        "contentHash": "/9Nuy8EWo0ZYQsjn3h4OGxjCWVYXl3TV3fvv29f8IVqplXgXGRzIpbtHEHGOfykh+TPbzUclzIfMCBzmgblKDA=="
      },
      "CommunityToolkit.Mvvm": {
        "type": "Direct",
        "requested": "[8.4.0, )",
        "resolved": "8.4.0",
        "contentHash": "tqVU8yc/ADO9oiTRyTnwhFN68hCwvkliMierptWOudIAvWY1mWCh5VFh+guwHJmpMwfg0J0rY+yyd5Oy7ty9Uw=="
      },
      "MailKit": {
        "type": "Direct",
        "requested": "[4.10.0, )",
        "resolved": "4.10.0",
        "contentHash": "C6gwHQGHru2x/g1pzk0NXn5BIv0qoeKbSgb4BIFfWl4OjTZOEajSIR+O6i4WElsuJI8Z77LGr4rH5nVjypyvDQ==",
        "dependencies": {
          "MimeKit": "4.10.0",
          "System.Formats.Asn1": "8.0.1"
        }
      },
      "Microsoft.NET.ILLink.Tasks": {
        "type": "Direct",
        "requested": "[9.0.3, )",
        "resolved": "9.0.3",
        "contentHash": "1rqGTfubVg0qj2PsK6esyq3PIxtYJYrN3LsYUV9RrvH3anmt3fT3ozYdAZZH4U8JU/pt5pPIUk8NBSu26wtekA=="
      },
      "MimeKit": {
        "type": "Direct",
        "requested": "[4.10.0, )",
        "resolved": "4.10.0",
        "contentHash": "GQofI17cH55XSh109hJmHaYMtSFqTX/eUek3UcV7hTnYayAIXZ6eHlv345tfdc+bQ/BrEnYOSZVzx9I3wpvvpg==",
        "dependencies": {
          "BouncyCastle.Cryptography": "2.5.0",
          "System.Formats.Asn1": "8.0.1",
          "System.Security.Cryptography.Pkcs": "8.0.1"
        }
      },
      "sqlite-net-pcl": {
        "type": "Direct",
        "requested": "[1.9.172, )",
        "resolved": "1.9.172",
        "contentHash": "go533+huyvg5bOMmCpX+DyvLrcVRiEBIpqEiDHgXRijWIBBNkWnyMr/w+5ZzrUArKY+4ApucsbBnFtP3QITrJg==",
        "dependencies": {
          "SQLitePCLRaw.bundle_green": "2.1.2"
        }
      },
      "System.Text.Json": {
        "type": "Direct",
        "requested": "[9.0.2, )",
        "resolved": "9.0.2",
        "contentHash": "4TY2Yokh5Xp8XHFhsY9y84yokS7B0rhkaZCXuRiKppIiKwPVH4lVSFD9EEFzRpXdBM5ZeZXD43tc2vB6njEwwQ=="
      },
      "TimePeriodLibrary.NET": {
        "type": "Direct",
        "requested": "[2.1.5, )",
        "resolved": "2.1.5",
        "contentHash": "2QFqfYDl7/4wQd6Bsi1Z4fZlOurnJ2OQln5YK+TlIS6c5R0AM2Tn1EEfpWob/sOe0c0luUR01r0kZE4vruX8mw=="
      },
      "BouncyCastle.Cryptography": {
        "type": "Transitive",
        "resolved": "2.5.0",
        "contentHash": "rc7vRCq/KD3GtIwSgRtjanGaBwTb9nLenFDZnEcauWlssuuEoxcbMfWA3QWWho6QDMSOSkWjs657McdHzEtEcw=="
      },
      "SQLitePCLRaw.bundle_green": {
        "type": "Transitive",
        "resolved": "2.1.2",
        "contentHash": "e2FRX87YHoSer+tLFX9P/povHLK0uH7UcdimHRPnfTSam+NZChVVXjBxe1MYnyBGlwX5dSs5sTlDg/yZBM7iVw==",
        "dependencies": {
          "SQLitePCLRaw.lib.e_sqlite3": "2.1.2",
          "SQLitePCLRaw.provider.e_sqlite3": "2.1.2"
        }
      },
      "SQLitePCLRaw.core": {
        "type": "Transitive",
        "resolved": "2.1.2",
        "contentHash": "A8EBepVqY2lnAp3a8jnhbgzF2tlj2S3HcJQGANTYg/TbYbKa8Z5cM1h74An/vy0svhfzT7tVY0sFmUglLgv+2g==",
        "dependencies": {
          "System.Memory": "4.5.3"
        }
      },
      "SQLitePCLRaw.lib.e_sqlite3": {
        "type": "Transitive",
        "resolved": "2.1.2",
        "contentHash": "zibGtku8M4Eea1R3ZCAxc86QbNvyEN17mAcQkvWKBuHvRpMiK2g5anG4R5Be7cWKSd1i6baYz8y4dMMAKcXKPg=="
      },
      "SQLitePCLRaw.provider.e_sqlite3": {
        "type": "Transitive",
        "resolved": "2.1.2",
        "contentHash": "lxCZarZdvAsMl2zw9bXHrXK6RxVhB4b23iTFhCOdHFhxfbsxLxWf+ocvswJwR/9Wh/E//ddMi+wJGqUKV7VwoA==",
        "dependencies": {
          "SQLitePCLRaw.core": "2.1.2"
        }
      },
      "System.Formats.Asn1": {
        "type": "Transitive",
        "resolved": "8.0.1",
        "contentHash": "XqKba7Mm/koKSjKMfW82olQdmfbI5yqeoLV/tidRp7fbh5rmHAQ5raDI/7SU0swTzv+jgqtUGkzmFxuUg0it1A=="
      },
      "System.Memory": {
        "type": "Transitive",
        "resolved": "4.5.3",
        "contentHash": "3oDzvc/zzetpTKWMShs1AADwZjQ/36HnsufHRPcOjyRAAMLDlu2iD33MBI2opxnezcVUtXyqDXXjoFMOU9c7SA=="
      },
      "System.Security.Cryptography.Pkcs": {
        "type": "Transitive",
        "resolved": "8.0.1",
        "contentHash": "CoCRHFym33aUSf/NtWSVSZa99dkd0Hm7OCZUxORBjRB16LNhIEOf8THPqzIYlvKM0nNDAPTRBa1FxEECrgaxxA=="
      }
    },
    "net9.0/win-arm64": {
      "SQLitePCLRaw.lib.e_sqlite3": {
        "type": "Transitive",
        "resolved": "2.1.2",
        "contentHash": "zibGtku8M4Eea1R3ZCAxc86QbNvyEN17mAcQkvWKBuHvRpMiK2g5anG4R5Be7cWKSd1i6baYz8y4dMMAKcXKPg=="
      },
      "System.Security.Cryptography.Pkcs": {
        "type": "Transitive",
        "resolved": "8.0.1",
        "contentHash": "CoCRHFym33aUSf/NtWSVSZa99dkd0Hm7OCZUxORBjRB16LNhIEOf8THPqzIYlvKM0nNDAPTRBa1FxEECrgaxxA=="
      }
    },
    "net9.0/win-x64": {
      "SQLitePCLRaw.lib.e_sqlite3": {
        "type": "Transitive",
        "resolved": "2.1.2",
        "contentHash": "zibGtku8M4Eea1R3ZCAxc86QbNvyEN17mAcQkvWKBuHvRpMiK2g5anG4R5Be7cWKSd1i6baYz8y4dMMAKcXKPg=="
      },
      "System.Security.Cryptography.Pkcs": {
        "type": "Transitive",
        "resolved": "8.0.1",
        "contentHash": "CoCRHFym33aUSf/NtWSVSZa99dkd0Hm7OCZUxORBjRB16LNhIEOf8THPqzIYlvKM0nNDAPTRBa1FxEECrgaxxA=="
      }
    },
    "net9.0/win-x86": {
      "SQLitePCLRaw.lib.e_sqlite3": {
        "type": "Transitive",
        "resolved": "2.1.2",
        "contentHash": "zibGtku8M4Eea1R3ZCAxc86QbNvyEN17mAcQkvWKBuHvRpMiK2g5anG4R5Be7cWKSd1i6baYz8y4dMMAKcXKPg=="
      },
      "System.Security.Cryptography.Pkcs": {
        "type": "Transitive",
        "resolved": "8.0.1",
        "contentHash": "CoCRHFym33aUSf/NtWSVSZa99dkd0Hm7OCZUxORBjRB16LNhIEOf8THPqzIYlvKM0nNDAPTRBa1FxEECrgaxxA=="
      }
    }
  }
}