{
  "version": 2,
  "dependencies": {
    "net9.0": {
      "CommunityToolkit.Diagnostics": {
        "type": "Direct",
        "requested": "[8.4.0, )",
        "resolved": "8.4.0",
        "contentHash": "/9Nuy8EWo0ZYQsjn3h4OGxjCWVYXl3TV3fvv29f8IVqplXgXGRzIpbtHEHGOfykh+TPbzUclzIfMCBzmgblKDA=="
      },
      "CommunityToolkit.Mvvm": {
        "type": "Direct",
        "requested": "[8.4.0, )",
        "resolved": "8.4.0",
        "contentHash": "tqVU8yc/ADO9oiTRyTnwhFN68hCwvkliMierptWOudIAvWY1mWCh5VFh+guwHJmpMwfg0J0rY+yyd5Oy7ty9Uw=="
      },
      "Google.Apis.Auth": {
        "type": "Direct",
        "requested": "[1.69.0, )",
        "resolved": "1.69.0",
        "contentHash": "ar07yxn/s41jdqQ3sMh8EAehiSvXQ9yE1MS4McmZINeSWvolnLHmIZ9Yxj4tHVIYYz0c7H/lpToVqm7C2aYx9g==",
        "dependencies": {
          "Google.Apis": "1.69.0",
          "Google.Apis.Core": "1.69.0",
          "System.Management": "7.0.2"
        }
      },
      "Microsoft.Identity.Client": {
        "type": "Direct",
        "requested": "[4.68.0, )",
        "resolved": "4.68.0",
        "contentHash": "RGyTd4bvI/rhDRgzlWPY6IlG4GcsYVJJZZtrQ2H5Bzg4nL+li+m6ioe8TJ7Y1AKhHCCq/mJZHMWH4OXLMNAtKw==",
        "dependencies": {
          "Microsoft.IdentityModel.Abstractions": "6.35.0",
          "System.Diagnostics.DiagnosticSource": "6.0.1"
        }
      },
      "Microsoft.Identity.Client.Broker": {
        "type": "Direct",
        "requested": "[4.68.0, )",
        "resolved": "4.68.0",
        "contentHash": "Gded+ndgnuZuw3RH8ZB1UiHOPGFMcVhmF4zF48YnTACykWL9Vb8OVpeFLTo4xB/a/X/3AGIp+N2uO6NJ9+jl5Q==",
        "dependencies": {
          "Microsoft.Identity.Client": "4.68.0",
          "Microsoft.Identity.Client.NativeInterop": "0.16.2"
        }
      },
      "Microsoft.Identity.Client.Extensions.Msal": {
        "type": "Direct",
        "requested": "[4.68.0, )",
        "resolved": "4.68.0",
        "contentHash": "lB03qqCW/lmfA7vGsAgaVi/NmGyjywstDt4ucsXMs+QOP0SgpQcPeRyXcWTF7SCqRABEUSHF8b95YZZq/VoZFQ==",
        "dependencies": {
          "Microsoft.Identity.Client": "4.68.0",
          "System.Security.Cryptography.ProtectedData": "4.5.0"
        }
      },
      "Microsoft.NET.ILLink.Tasks": {
        "type": "Direct",
        "requested": "[9.0.3, )",
        "resolved": "9.0.3",
        "contentHash": "1rqGTfubVg0qj2PsK6esyq3PIxtYJYrN3LsYUV9RrvH3anmt3fT3ozYdAZZH4U8JU/pt5pPIUk8NBSu26wtekA=="
      },
      "BouncyCastle.Cryptography": {
        "type": "Transitive",
        "resolved": "2.5.0",
        "contentHash": "rc7vRCq/KD3GtIwSgRtjanGaBwTb9nLenFDZnEcauWlssuuEoxcbMfWA3QWWho6QDMSOSkWjs657McdHzEtEcw=="
      },
      "Google.Apis": {
        "type": "Transitive",
        "resolved": "1.69.0",
        "contentHash": "1TfjsXFejwIf7iWaE7A0FbnOEsk8FPlbdFAt1r+I8aSMQfLLdSVWCLdZz6TzuWVwoCGEuJUHTZ/FXdptdU3qWw==",
        "dependencies": {
          "Google.Apis.Core": "1.69.0"
        }
      },
      "Google.Apis.Core": {
        "type": "Transitive",
        "resolved": "1.69.0",
        "contentHash": "SXUcurNUPxYMtOnawvB2Av18VrPBC9W7So9q9ikmXIXLGiv4RX7Zbu4kc+8PbwTdd8wLt54r0PBGOT5RaKoTjQ==",
        "dependencies": {
          "Newtonsoft.Json": "13.0.3"
        }
      },
      "Microsoft.Identity.Client.NativeInterop": {
        "type": "Transitive",
        "resolved": "0.16.2",
        "contentHash": "hBPb/EjS3PNN+5B3a3PzVHBGb/RWRKY+q+Ib0D40NtdiZekkIApdOcjuJa31h5gVQGuyEkBIi6/PiG1ioqncjQ=="
      },
      "Microsoft.IdentityModel.Abstractions": {
        "type": "Transitive",
        "resolved": "6.35.0",
        "contentHash": "xuR8E4Rd96M41CnUSCiOJ2DBh+z+zQSmyrYHdYhD6K4fXBcQGVnRCFQ0efROUYpP+p0zC1BLKr0JRpVuujTZSg=="
      },
      "Newtonsoft.Json": {
        "type": "Transitive",
        "resolved": "13.0.3",
        "contentHash": "HrC5BXdl00IP9zeV+0Z848QWPAoCr9P3bDEZguI+gkLcBKAOxix/tLEAAHC+UvDNPv4a2d18lOReHMOagPa+zQ=="
      },
      "SQLitePCLRaw.bundle_green": {
        "type": "Transitive",
        "resolved": "2.1.2",
        "contentHash": "e2FRX87YHoSer+tLFX9P/povHLK0uH7UcdimHRPnfTSam+NZChVVXjBxe1MYnyBGlwX5dSs5sTlDg/yZBM7iVw==",
        "dependencies": {
          "SQLitePCLRaw.lib.e_sqlite3": "2.1.2",
          "SQLitePCLRaw.provider.e_sqlite3": "2.1.2"
        }
      },
      "SQLitePCLRaw.core": {
        "type": "Transitive",
        "resolved": "2.1.2",
        "contentHash": "A8EBepVqY2lnAp3a8jnhbgzF2tlj2S3HcJQGANTYg/TbYbKa8Z5cM1h74An/vy0svhfzT7tVY0sFmUglLgv+2g==",
        "dependencies": {
          "System.Memory": "4.5.3"
        }
      },
      "SQLitePCLRaw.lib.e_sqlite3": {
        "type": "Transitive",
        "resolved": "2.1.2",
        "contentHash": "zibGtku8M4Eea1R3ZCAxc86QbNvyEN17mAcQkvWKBuHvRpMiK2g5anG4R5Be7cWKSd1i6baYz8y4dMMAKcXKPg=="
      },
      "SQLitePCLRaw.provider.e_sqlite3": {
        "type": "Transitive",
        "resolved": "2.1.2",
        "contentHash": "lxCZarZdvAsMl2zw9bXHrXK6RxVhB4b23iTFhCOdHFhxfbsxLxWf+ocvswJwR/9Wh/E//ddMi+wJGqUKV7VwoA==",
        "dependencies": {
          "SQLitePCLRaw.core": "2.1.2"
        }
      },
      "System.CodeDom": {
        "type": "Transitive",
        "resolved": "7.0.0",
        "contentHash": "GLltyqEsE5/3IE+zYRP5sNa1l44qKl9v+bfdMcwg+M9qnQf47wK3H0SUR/T+3N4JEQXF3vV4CSuuo0rsg+nq2A=="
      },
      "System.Diagnostics.DiagnosticSource": {
        "type": "Transitive",
        "resolved": "6.0.1",
        "contentHash": "KiLYDu2k2J82Q9BJpWiuQqCkFjRBWVq4jDzKKWawVi9KWzyD0XG3cmfX0vqTQlL14Wi9EufJrbL0+KCLTbqWiQ==",
        "dependencies": {
          "System.Runtime.CompilerServices.Unsafe": "6.0.0"
        }
      },
      "System.Formats.Asn1": {
        "type": "Transitive",
        "resolved": "8.0.1",
        "contentHash": "XqKba7Mm/koKSjKMfW82olQdmfbI5yqeoLV/tidRp7fbh5rmHAQ5raDI/7SU0swTzv+jgqtUGkzmFxuUg0it1A=="
      },
      "System.Management": {
        "type": "Transitive",
        "resolved": "7.0.2",
        "contentHash": "/qEUN91mP/MUQmJnM5y5BdT7ZoPuVrtxnFlbJ8a3kBJGhe2wCzBfnPFtK2wTtEEcf3DMGR9J00GZZfg6HRI6yA==",
        "dependencies": {
          "System.CodeDom": "7.0.0"
        }
      },
      "System.Memory": {
        "type": "Transitive",
        "resolved": "4.5.3",
        "contentHash": "3oDzvc/zzetpTKWMShs1AADwZjQ/36HnsufHRPcOjyRAAMLDlu2iD33MBI2opxnezcVUtXyqDXXjoFMOU9c7SA=="
      },
      "System.Runtime.CompilerServices.Unsafe": {
        "type": "Transitive",
        "resolved": "6.0.0",
        "contentHash": "/iUeP3tq1S0XdNNoMz5C9twLSrM/TH+qElHkXWaPvuNOt+99G75NrV0OS2EqHx5wMN7popYjpc8oTjC1y16DLg=="
      },
      "System.Security.Cryptography.Pkcs": {
        "type": "Transitive",
        "resolved": "8.0.1",
        "contentHash": "CoCRHFym33aUSf/NtWSVSZa99dkd0Hm7OCZUxORBjRB16LNhIEOf8THPqzIYlvKM0nNDAPTRBa1FxEECrgaxxA=="
      },
      "System.Security.Cryptography.ProtectedData": {
        "type": "Transitive",
        "resolved": "4.5.0",
        "contentHash": "wLBKzFnDCxP12VL9ANydSYhk59fC4cvOr9ypYQLPnAj48NQIhqnjdD2yhP8yEKyBJEjERWS9DisKL7rX5eU25Q=="
      },
      "wino.core.domain": {
        "type": "Project",
        "dependencies": {
          "CommunityToolkit.Diagnostics": "[8.4.0, )",
          "CommunityToolkit.Mvvm": "[8.4.0, )",
          "MailKit": "[4.10.0, )",
          "MimeKit": "[4.10.0, )",
          "System.Text.Json": "[9.0.2, )",
          "TimePeriodLibrary.NET": "[2.1.5, )",
          "sqlite-net-pcl": "[1.9.172, )"
        }
      },
      "wino.messaging": {
        "type": "Project",
        "dependencies": {
          "System.Text.Json": "[9.0.2, )",
          "Wino.Core.Domain": "[1.0.0, )"
        }
      },
      "MailKit": {
        "type": "CentralTransitive",
        "requested": "[4.10.0, )",
        "resolved": "4.10.0",
        "contentHash": "C6gwHQGHru2x/g1pzk0NXn5BIv0qoeKbSgb4BIFfWl4OjTZOEajSIR+O6i4WElsuJI8Z77LGr4rH5nVjypyvDQ==",
        "dependencies": {
          "MimeKit": "4.10.0",
          "System.Formats.Asn1": "8.0.1"
        }
      },
      "MimeKit": {
        "type": "CentralTransitive",
        "requested": "[4.10.0, )",
        "resolved": "4.10.0",
        "contentHash": "GQofI17cH55XSh109hJmHaYMtSFqTX/eUek3UcV7hTnYayAIXZ6eHlv345tfdc+bQ/BrEnYOSZVzx9I3wpvvpg==",
        "dependencies": {
          "BouncyCastle.Cryptography": "2.5.0",
          "System.Formats.Asn1": "8.0.1",
          "System.Security.Cryptography.Pkcs": "8.0.1"
        }
      },
      "sqlite-net-pcl": {
        "type": "CentralTransitive",
        "requested": "[1.9.172, )",
        "resolved": "1.9.172",
        "contentHash": "go533+huyvg5bOMmCpX+DyvLrcVRiEBIpqEiDHgXRijWIBBNkWnyMr/w+5ZzrUArKY+4ApucsbBnFtP3QITrJg==",
        "dependencies": {
          "SQLitePCLRaw.bundle_green": "2.1.2"
        }
      },
      "System.Text.Json": {
        "type": "CentralTransitive",
        "requested": "[9.0.2, )",
        "resolved": "9.0.2",
        "contentHash": "4TY2Yokh5Xp8XHFhsY9y84yokS7B0rhkaZCXuRiKppIiKwPVH4lVSFD9EEFzRpXdBM5ZeZXD43tc2vB6njEwwQ=="
      },
      "TimePeriodLibrary.NET": {
        "type": "CentralTransitive",
        "requested": "[2.1.5, )",
        "resolved": "2.1.5",
        "contentHash": "2QFqfYDl7/4wQd6Bsi1Z4fZlOurnJ2OQln5YK+TlIS6c5R0AM2Tn1EEfpWob/sOe0c0luUR01r0kZE4vruX8mw=="
      }
    },
    "net9.0/win-arm64": {
      "Microsoft.Identity.Client.NativeInterop": {
        "type": "Transitive",
        "resolved": "0.16.2",
        "contentHash": "hBPb/EjS3PNN+5B3a3PzVHBGb/RWRKY+q+Ib0D40NtdiZekkIApdOcjuJa31h5gVQGuyEkBIi6/PiG1ioqncjQ=="
      },
      "SQLitePCLRaw.lib.e_sqlite3": {
        "type": "Transitive",
        "resolved": "2.1.2",
        "contentHash": "zibGtku8M4Eea1R3ZCAxc86QbNvyEN17mAcQkvWKBuHvRpMiK2g5anG4R5Be7cWKSd1i6baYz8y4dMMAKcXKPg=="
      },
      "System.Management": {
        "type": "Transitive",
        "resolved": "7.0.2",
        "contentHash": "/qEUN91mP/MUQmJnM5y5BdT7ZoPuVrtxnFlbJ8a3kBJGhe2wCzBfnPFtK2wTtEEcf3DMGR9J00GZZfg6HRI6yA==",
        "dependencies": {
          "System.CodeDom": "7.0.0"
        }
      },
      "System.Security.Cryptography.Pkcs": {
        "type": "Transitive",
        "resolved": "8.0.1",
        "contentHash": "CoCRHFym33aUSf/NtWSVSZa99dkd0Hm7OCZUxORBjRB16LNhIEOf8THPqzIYlvKM0nNDAPTRBa1FxEECrgaxxA=="
      },
      "System.Security.Cryptography.ProtectedData": {
        "type": "Transitive",
        "resolved": "4.5.0",
        "contentHash": "wLBKzFnDCxP12VL9ANydSYhk59fC4cvOr9ypYQLPnAj48NQIhqnjdD2yhP8yEKyBJEjERWS9DisKL7rX5eU25Q=="
      }
    },
    "net9.0/win-x64": {
      "Microsoft.Identity.Client.NativeInterop": {
        "type": "Transitive",
        "resolved": "0.16.2",
        "contentHash": "hBPb/EjS3PNN+5B3a3PzVHBGb/RWRKY+q+Ib0D40NtdiZekkIApdOcjuJa31h5gVQGuyEkBIi6/PiG1ioqncjQ=="
      },
      "SQLitePCLRaw.lib.e_sqlite3": {
        "type": "Transitive",
        "resolved": "2.1.2",
        "contentHash": "zibGtku8M4Eea1R3ZCAxc86QbNvyEN17mAcQkvWKBuHvRpMiK2g5anG4R5Be7cWKSd1i6baYz8y4dMMAKcXKPg=="
      },
      "System.Management": {
        "type": "Transitive",
        "resolved": "7.0.2",
        "contentHash": "/qEUN91mP/MUQmJnM5y5BdT7ZoPuVrtxnFlbJ8a3kBJGhe2wCzBfnPFtK2wTtEEcf3DMGR9J00GZZfg6HRI6yA==",
        "dependencies": {
          "System.CodeDom": "7.0.0"
        }
      },
      "System.Security.Cryptography.Pkcs": {
        "type": "Transitive",
        "resolved": "8.0.1",
        "contentHash": "CoCRHFym33aUSf/NtWSVSZa99dkd0Hm7OCZUxORBjRB16LNhIEOf8THPqzIYlvKM0nNDAPTRBa1FxEECrgaxxA=="
      },
      "System.Security.Cryptography.ProtectedData": {
        "type": "Transitive",
        "resolved": "4.5.0",
        "contentHash": "wLBKzFnDCxP12VL9ANydSYhk59fC4cvOr9ypYQLPnAj48NQIhqnjdD2yhP8yEKyBJEjERWS9DisKL7rX5eU25Q=="
      }
    },
    "net9.0/win-x86": {
      "Microsoft.Identity.Client.NativeInterop": {
        "type": "Transitive",
        "resolved": "0.16.2",
        "contentHash": "hBPb/EjS3PNN+5B3a3PzVHBGb/RWRKY+q+Ib0D40NtdiZekkIApdOcjuJa31h5gVQGuyEkBIi6/PiG1ioqncjQ=="
      },
      "SQLitePCLRaw.lib.e_sqlite3": {
        "type": "Transitive",
        "resolved": "2.1.2",
        "contentHash": "zibGtku8M4Eea1R3ZCAxc86QbNvyEN17mAcQkvWKBuHvRpMiK2g5anG4R5Be7cWKSd1i6baYz8y4dMMAKcXKPg=="
      },
      "System.Management": {
        "type": "Transitive",
        "resolved": "7.0.2",
        "contentHash": "/qEUN91mP/MUQmJnM5y5BdT7ZoPuVrtxnFlbJ8a3kBJGhe2wCzBfnPFtK2wTtEEcf3DMGR9J00GZZfg6HRI6yA==",
        "dependencies": {
          "System.CodeDom": "7.0.0"
        }
      },
      "System.Security.Cryptography.Pkcs": {
        "type": "Transitive",
        "resolved": "8.0.1",
        "contentHash": "CoCRHFym33aUSf/NtWSVSZa99dkd0Hm7OCZUxORBjRB16LNhIEOf8THPqzIYlvKM0nNDAPTRBa1FxEECrgaxxA=="
      },
      "System.Security.Cryptography.ProtectedData": {
        "type": "Transitive",
        "resolved": "4.5.0",
        "contentHash": "wLBKzFnDCxP12VL9ANydSYhk59fC4cvOr9ypYQLPnAj48NQIhqnjdD2yhP8yEKyBJEjERWS9DisKL7rX5eU25Q=="
      }
    }
  }
}